
Microsoft Visual Studio Solution File, Format Version 12.00
# Visual Studio Version 17
VisualStudioVersion = 17.9.34728.123
MinimumVisualStudioVersion = 10.0.40219.1
Project("{9A19103F-16F7-4668-BE54-9A1E7A4F7556}") = "BSMS.WebApp", "BSMS.WebApp\BSMS.WebApp.csproj", "{C7E30D71-9E3B-4887-9BEB-5AF80530EED1}"
EndProject
Project("{9A19103F-16F7-4668-BE54-9A1E7A4F7556}") = "BSMS.BLL", "BSMS.BLL\BSMS.BLL.csproj", "{3071C3BA-4B0F-4705-823B-46660A849A0F}"
EndProject
Project("{9A19103F-16F7-4668-BE54-9A1E7A4F7556}") = "BSMS.DAL", "BSMS.DAL\BSMS.DAL.csproj", "{96DE1B88-746C-4263-AEF2-0825C71C42DB}"
EndProject
Project("{9A19103F-16F7-4668-BE54-9A1E7A4F7556}") = "BSMS.BusinessObjects", "BSMS.BusinessObjects\BSMS.BusinessObjects.csproj", "{160A75B4-BC3D-4435-893D-89DCA1165E10}"
EndProject
Global
	GlobalSection(SolutionConfigurationPlatforms) = preSolution
		Debug|Any CPU = Debug|Any CPU
		Release|Any CPU = Release|Any CPU
	EndGlobalSection
	GlobalSection(ProjectConfigurationPlatforms) = postSolution
		{C7E30D71-9E3B-4887-9BEB-5AF80530EED1}.Debug|Any CPU.ActiveCfg = Debug|Any CPU
		{C7E30D71-9E3B-4887-9BEB-5AF80530EED1}.Debug|Any CPU.Build.0 = Debug|Any CPU
		{C7E30D71-9E3B-4887-9BEB-5AF80530EED1}.Release|Any CPU.ActiveCfg = Release|Any CPU
		{C7E30D71-9E3B-4887-9BEB-5AF80530EED1}.Release|Any CPU.Build.0 = Release|Any CPU
		{3071C3BA-4B0F-4705-823B-46660A849A0F}.Debug|Any CPU.ActiveCfg = Debug|Any CPU
		{3071C3BA-4B0F-4705-823B-46660A849A0F}.Debug|Any CPU.Build.0 = Debug|Any CPU
		{3071C3BA-4B0F-4705-823B-46660A849A0F}.Release|Any CPU.ActiveCfg = Release|Any CPU
		{3071C3BA-4B0F-4705-823B-46660A849A0F}.Release|Any CPU.Build.0 = Release|Any CPU
		{96DE1B88-746C-4263-AEF2-0825C71C42DB}.Debug|Any CPU.ActiveCfg = Debug|Any CPU
		{96DE1B88-746C-4263-AEF2-0825C71C42DB}.Debug|Any CPU.Build.0 = Debug|Any CPU
		{96DE1B88-746C-4263-AEF2-0825C71C42DB}.Release|Any CPU.ActiveCfg = Release|Any CPU
		{96DE1B88-746C-4263-AEF2-0825C71C42DB}.Release|Any CPU.Build.0 = Release|Any CPU
		{160A75B4-BC3D-4435-893D-89DCA1165E10}.Debug|Any CPU.ActiveCfg = Debug|Any CPU
		{160A75B4-BC3D-4435-893D-89DCA1165E10}.Debug|Any CPU.Build.0 = Debug|Any CPU
		{160A75B4-BC3D-4435-893D-89DCA1165E10}.Release|Any CPU.ActiveCfg = Release|Any CPU
		{160A75B4-BC3D-4435-893D-89DCA1165E10}.Release|Any CPU.Build.0 = Release|Any CPU
	EndGlobalSection
	GlobalSection(SolutionProperties) = preSolution
		HideSolutionNode = FALSE
	EndGlobalSection
	GlobalSection(ExtensibilityGlobals) = postSolution
		SolutionGuid = {2204A051-F7EE-48D6-B04C-A037D52A3071}
	EndGlobalSection
EndGlobal
